# This file is autogenerated, do not edit; changes may be undone by the next 'dep ensure'.


[[projects]]
  branch = "master"
  digest = "1:127bbf69730dc88e675e753cc648475ac91a71a1f895e2623dbaba7ec7f4c5dc"
  name = "github.com/btcsuite/btcd"
  packages = [
    "blockchain",
    "btcec",
    "btcjson",
    "chaincfg",
    "chaincfg/chainhash",
    "database",
    "rpcclient",
    "txscript",
    "wire",
  ]
  pruneopts = "UT"
  revision = "ed77733ec07dfc8a513741138419b8d9d3de9d2d"

[[projects]]
  branch = "master"
  digest = "1:30d4a548e09bca4a0c77317c58e7407e2a65c15325e944f9c08a7b7992f8a59e"
  name = "github.com/btcsuite/btclog"
  packages = ["."]
  pruneopts = "UT"
  revision = "84c8d2346e9fc8c7b947e243b9c24e6df9fd206a"

[[projects]]
  branch = "master"
  digest = "1:d0a31b77988b04afbfa2c5ee38567a7a35d5a95de2266a644a7bc8d5c898e68d"
  name = "github.com/btcsuite/btcutil"
  packages = [
    ".",
    "base58",
    "bech32",
  ]
  pruneopts = "UT"
  revision = "bf1e1be935893b7c8ac9f020195f6b0dfd1f14e0"

[[projects]]
  branch = "master"
  digest = "1:1e6b2f7aa98b082c30a1303c29a702c369b2ec6d86b74a599bc8bbe2333db299"
  name = "github.com/btcsuite/go-socks"
  packages = ["socks"]
  pruneopts = "UT"
  revision = "4720035b7bfd2a9bb130b1c184f8bbe41b6f0d0f"

[[projects]]
  branch = "master"
  digest = "1:0b2242fd2f4f51fb491e97e204464f75da680897a0db10ec7554c87b71b5afc3"
  name = "github.com/btcsuite/websocket"
  packages = ["."]
  pruneopts = "UT"
  revision = "31079b6807923eb23992c421b114992b95131b55"

[[projects]]
  digest = "1:5a1eec660c8ccbbb734160a7bb3783a0f038e7839e15193b49174c802bf9e3c5"
  name = "github.com/getamis/sirius"
  packages = ["log"]
  pruneopts = "UT"
  revision = "fb5cc6a3af7bb5807f05782bfb2b7905b34254e6"
  version = "v1.0.8"

[[projects]]
  digest = "1:586ea76dbd0374d6fb649a91d70d652b7fe0ccffb8910a77468e7702e7901f3d"
  name = "github.com/go-stack/stack"
  packages = ["."]
  pruneopts = "UT"
  revision = "2fee6af1a9795aafbe0253a0cfbdf668e1fb8a9a"
  version = "v1.8.0"

[[projects]]
  digest = "1:03a89169777b38862145711ef2317a36e19e1cdf717ab622e196f6a851b71ad9"
  name = "github.com/rollbar/rollbar-go"
  packages = ["."]
  pruneopts = "UT"
  revision = "d450a931d7a085523b60f0f7c98487333a8ce5fa"
  version = "v1.0.2"

[[projects]]
  branch = "master"
  digest = "1:b69153653dbbbd9b2be2be289dfb94014284c00bb92e73b800f8f8c239c1ca80"
  name = "golang.org/x/crypto"
  packages = ["ripemd160"]
  pruneopts = "UT"
  revision = "ff983b9c42bc9fbf91556e191cc8efb585c16908"

[solve-meta]
  analyzer-name = "dep"
  analyzer-version = 1
  input-imports = [
    "github.com/btcsuite/btcd/blockchain",
    "github.com/btcsuite/btcd/btcec",
    "github.com/btcsuite/btcd/chaincfg",
    "github.com/btcsuite/btcd/chaincfg/chainhash",
    "github.com/btcsuite/btcd/rpcclient",
    "github.com/btcsuite/btcd/txscript",
    "github.com/btcsuite/btcd/wire",
    "github.com/btcsuite/btcutil",
    "github.com/getamis/sirius/log",
  ]
  solver-name = "gps-cdcl"
  solver-version = 1
